
Microsoft Visual Studio Solution File, Format Version 12.00
# Visual Studio Version 17
VisualStudioVersion = 17.0.32014.148
MinimumVisualStudioVersion = 10.0.40219.1
Project("{9A19103F-16F7-4668-BE54-9A1E7A4F7556}") = "GenericsHomework", "GenericsHomework\GenericsHomework.csproj", "{43937818-9A3A-4C66-9ECD-EE8E272CCC4C}"
EndProject
Project("{FAE04EC0-301F-11D3-BF4B-00C04F79EFBC}") = "GenericsHomework.Tests", "GenericsHomework.Tests\GenericsHomework.Tests.csproj", "{FFFC4FC1-E172-4105-B25D-E52D076ECA3C}"
EndProject
Global
	GlobalSection(SolutionConfigurationPlatforms) = preSolution
		Debug|Any CPU = Debug|Any CPU
		Release|Any CPU = Release|Any CPU
	EndGlobalSection
	GlobalSection(ProjectConfigurationPlatforms) = postSolution
		{43937818-9A3A-4C66-9ECD-EE8E272CCC4C}.Debug|Any CPU.ActiveCfg = Debug|Any CPU
		{43937818-9A3A-4C66-9ECD-EE8E272CCC4C}.Debug|Any CPU.Build.0 = Debug|Any CPU
		{43937818-9A3A-4C66-9ECD-EE8E272CCC4C}.Release|Any CPU.ActiveCfg = Release|Any CPU
		{43937818-9A3A-4C66-9ECD-EE8E272CCC4C}.Release|Any CPU.Build.0 = Release|Any CPU
		{FFFC4FC1-E172-4105-B25D-E52D076ECA3C}.Debug|Any CPU.ActiveCfg = Debug|Any CPU
		{FFFC4FC1-E172-4105-B25D-E52D076ECA3C}.Debug|Any CPU.Build.0 = Debug|Any CPU
		{FFFC4FC1-E172-4105-B25D-E52D076ECA3C}.Release|Any CPU.ActiveCfg = Release|Any CPU
		{FFFC4FC1-E172-4105-B25D-E52D076ECA3C}.Release|Any CPU.Build.0 = Release|Any CPU
	EndGlobalSection
	GlobalSection(SolutionProperties) = preSolution
		HideSolutionNode = FALSE
	EndGlobalSection
	GlobalSection(ExtensibilityGlobals) = postSolution
		SolutionGuid = {E9AAC81D-06FA-4482-B126-0A46973285D1}
	EndGlobalSection
EndGlobal
